
Microsoft Visual Studio Solution File, Format Version 12.00
# Visual Studio 15
VisualStudioVersion = 15.0.28307.1259
MinimumVisualStudioVersion = 10.0.40219.1
Project("{8BC9CEB8-8B4A-11D0-8D11-00A0C91BC942}") = "STUAT_SchuduleIntersector", "STUAT_SchuduleIntersector.vcxproj", "{E9A435A3-2DA7-469C-A05F-97DA0BF0DD3F}"
EndProject
Global
	GlobalSection(SolutionConfigurationPlatforms) = preSolution
		Debug|x64 = Debug|x64
		Debug|x86 = Debug|x86
		Release|x64 = Release|x64
		Release|x86 = Release|x86
	EndGlobalSection
	GlobalSection(ProjectConfigurationPlatforms) = postSolution
		{E9A435A3-2DA7-469C-A05F-97DA0BF0DD3F}.Debug|x64.ActiveCfg = Debug|x64
		{E9A435A3-2DA7-469C-A05F-97DA0BF0DD3F}.Debug|x64.Build.0 = Debug|x64
		{E9A435A3-2DA7-469C-A05F-97DA0BF0DD3F}.Debug|x86.ActiveCfg = Debug|Win32
		{E9A435A3-2DA7-469C-A05F-97DA0BF0DD3F}.Debug|x86.Build.0 = Debug|Win32
		{E9A435A3-2DA7-469C-A05F-97DA0BF0DD3F}.Release|x64.ActiveCfg = Release|x64
		{E9A435A3-2DA7-469C-A05F-97DA0BF0DD3F}.Release|x64.Build.0 = Release|x64
		{E9A435A3-2DA7-469C-A05F-97DA0BF0DD3F}.Release|x86.ActiveCfg = Release|Win32
		{E9A435A3-2DA7-469C-A05F-97DA0BF0DD3F}.Release|x86.Build.0 = Release|Win32
	EndGlobalSection
	GlobalSection(SolutionProperties) = preSolution
		HideSolutionNode = FALSE
	EndGlobalSection
	GlobalSection(ExtensibilityGlobals) = postSolution
		SolutionGuid = {7645BCD2-B37C-4C6D-B597-F5A8DF89B264}
	EndGlobalSection
EndGlobal
