<?xml version="1.0" encoding="utf-8"?>
<Project ToolsVersion="4.0" xmlns="http://schemas.microsoft.com/developer/msbuild/2003">
  <ItemGroup>
    <Filter Include="Cpp">
      <UniqueIdentifier>{4FC737F1-C7A5-4376-A066-2A32D752A2FF}</UniqueIdentifier>
      <Extensions>cpp;c;cc;cxx;def;odl;idl;hpj;bat;asm;asmx</Extensions>
    </Filter>
    <Filter Include="Cpp\Function">
      <UniqueIdentifier>{02a54530-d081-412d-be72-a9893c632170}</UniqueIdentifier>
    </Filter>
    <Filter Include="Cpp\Class">
      <UniqueIdentifier>{c38b8493-2efb-4104-b258-d3e2adf2922c}</UniqueIdentifier>
    </Filter>
    <Filter Include="Hpp">
      <UniqueIdentifier>{93995380-89BD-4b04-88EB-625FBE52EBFB}</UniqueIdentifier>
      <Extensions>h;hh;hpp;hxx;hm;inl;inc;ipp;xsd</Extensions>
    </Filter>
    <Filter Include="Hpp\Class">
      <UniqueIdentifier>{109632f8-2eb3-4a9d-9f88-c303f87b8f5c}</UniqueIdentifier>
    </Filter>
    <Filter Include="Hpp\Basic">
      <UniqueIdentifier>{806bd9b0-0db1-4975-a8c9-680a541cf154}</UniqueIdentifier>
    </Filter>
    <Filter Include="Hpp\Function">
      <UniqueIdentifier>{c3672d00-0c62-418b-a96b-3c695f4f9797}</UniqueIdentifier>
    </Filter>
    <Filter Include="Base">
      <UniqueIdentifier>{67DA6AB6-F800-4c08-8B7A-83BB121AAD01}</UniqueIdentifier>
      <Extensions>rc;ico;cur;bmp;dlg;rc2;rct;bin;rgs;gif;jpg;jpeg;jpe;resx;tiff;tif;png;wav;mfcribbon-ms</Extensions>
    </Filter>
  </ItemGroup>
  <ItemGroup>
    <ClCompile Include="Cpp\Class\BLOCK.cpp">
      <Filter>Cpp\Class</Filter>
    </ClCompile>
    <ClCompile Include="Cpp\Class\BUTTON.cpp">
      <Filter>Cpp\Class</Filter>
    </ClCompile>
    <ClCompile Include="Cpp\Function\INIT_FUNC.cpp">
      <Filter>Cpp\Function</Filter>
    </ClCompile>
    <ClCompile Include="Base\main.cpp">
      <Filter>Base</Filter>
    </ClCompile>
  </ItemGroup>
  <ItemGroup>
    <ClInclude Include="Hpp\Function\INIT_FUNC.hpp">
      <Filter>Hpp\Function</Filter>
    </ClInclude>
    <ClInclude Include="Hpp\Basic\MACRO.hpp">
      <Filter>Hpp\Basic</Filter>
    </ClInclude>
    <ClInclude Include="Hpp\Class\BLOCK.hpp">
      <Filter>Hpp\Class</Filter>
    </ClInclude>
    <ClInclude Include="Hpp\Class\BUTTON.hpp">
      <Filter>Hpp\Class</Filter>
    </ClInclude>
  </ItemGroup>
</Project>